
Microsoft Visual Studio Solution File, Format Version 12.00
# Visual Studio Version 16
VisualStudioVersion = 16.0.29806.167
MinimumVisualStudioVersion = 10.0.40219.1
Project("{FAE04EC0-301F-11D3-BF4B-00C04F79EFBC}") = "Housekeeping", "Housekeeping\Housekeeping.csproj", "{7997B4AA-DCB8-4AEB-A618-4534D2376DF1}"
EndProject
Global
	GlobalSection(SolutionConfigurationPlatforms) = preSolution
		Debug|Any CPU = Debug|Any CPU
		Release|Any CPU = Release|Any CPU
	EndGlobalSection
	GlobalSection(ProjectConfigurationPlatforms) = postSolution
		{7997B4AA-DCB8-4AEB-A618-4534D2376DF1}.Debug|Any CPU.ActiveCfg = Debug|Any CPU
		{7997B4AA-DCB8-4AEB-A618-4534D2376DF1}.Debug|Any CPU.Build.0 = Debug|Any CPU
		{7997B4AA-DCB8-4AEB-A618-4534D2376DF1}.Release|Any CPU.ActiveCfg = Release|Any CPU
		{7997B4AA-DCB8-4AEB-A618-4534D2376DF1}.Release|Any CPU.Build.0 = Release|Any CPU
	EndGlobalSection
	GlobalSection(SolutionProperties) = preSolution
		HideSolutionNode = FALSE
	EndGlobalSection
	GlobalSection(ExtensibilityGlobals) = postSolution
		SolutionGuid = {2F597A5E-FA07-419D-9EC4-E0A02105B11D}
	EndGlobalSection
EndGlobal
