
Microsoft Visual Studio Solution File, Format Version 12.00
# Visual Studio 15
VisualStudioVersion = 15.0.28307.421
MinimumVisualStudioVersion = 10.0.40219.1
Project("{FAE04EC0-301F-11D3-BF4B-00C04F79EFBC}") = "DatabaseFirst.Demo", "DatabaseFirst.Demo\DatabaseFirst.Demo.csproj", "{0D7511E9-100E-4061-8077-0A8D81913997}"
EndProject
Project("{FAE04EC0-301F-11D3-BF4B-00C04F79EFBC}") = "CodeFirst.Demo", "CodeFirst.Demo\CodeFirst.Demo.csproj", "{0B0C0075-47A4-49CD-B6E5-1B811A58E677}"
EndProject
Global
	GlobalSection(SolutionConfigurationPlatforms) = preSolution
		Debug|Any CPU = Debug|Any CPU
		Release|Any CPU = Release|Any CPU
	EndGlobalSection
	GlobalSection(ProjectConfigurationPlatforms) = postSolution
		{0D7511E9-100E-4061-8077-0A8D81913997}.Debug|Any CPU.ActiveCfg = Debug|Any CPU
		{0D7511E9-100E-4061-8077-0A8D81913997}.Debug|Any CPU.Build.0 = Debug|Any CPU
		{0D7511E9-100E-4061-8077-0A8D81913997}.Release|Any CPU.ActiveCfg = Release|Any CPU
		{0D7511E9-100E-4061-8077-0A8D81913997}.Release|Any CPU.Build.0 = Release|Any CPU
		{0B0C0075-47A4-49CD-B6E5-1B811A58E677}.Debug|Any CPU.ActiveCfg = Debug|Any CPU
		{0B0C0075-47A4-49CD-B6E5-1B811A58E677}.Debug|Any CPU.Build.0 = Debug|Any CPU
		{0B0C0075-47A4-49CD-B6E5-1B811A58E677}.Release|Any CPU.ActiveCfg = Release|Any CPU
		{0B0C0075-47A4-49CD-B6E5-1B811A58E677}.Release|Any CPU.Build.0 = Release|Any CPU
	EndGlobalSection
	GlobalSection(SolutionProperties) = preSolution
		HideSolutionNode = FALSE
	EndGlobalSection
	GlobalSection(ExtensibilityGlobals) = postSolution
		SolutionGuid = {D59933F0-7392-45B7-8E3A-AAD3E3CFF938}
	EndGlobalSection
EndGlobal
