
Microsoft Visual Studio Solution File, Format Version 12.00
# Visual Studio 15
VisualStudioVersion = 15.0.28307.421
MinimumVisualStudioVersion = 10.0.40219.1
Project("{FAE04EC0-301F-11D3-BF4B-00C04F79EFBC}") = "AzureCosmosConnect", "AzureCosmosConnect\AzureCosmosConnect.csproj", "{4C15FF57-4954-4984-9E2D-AB6D2CAE1DD3}"
EndProject
Global
	GlobalSection(SolutionConfigurationPlatforms) = preSolution
		Debug|Any CPU = Debug|Any CPU
		Release|Any CPU = Release|Any CPU
	EndGlobalSection
	GlobalSection(ProjectConfigurationPlatforms) = postSolution
		{4C15FF57-4954-4984-9E2D-AB6D2CAE1DD3}.Debug|Any CPU.ActiveCfg = Debug|Any CPU
		{4C15FF57-4954-4984-9E2D-AB6D2CAE1DD3}.Debug|Any CPU.Build.0 = Debug|Any CPU
		{4C15FF57-4954-4984-9E2D-AB6D2CAE1DD3}.Release|Any CPU.ActiveCfg = Release|Any CPU
		{4C15FF57-4954-4984-9E2D-AB6D2CAE1DD3}.Release|Any CPU.Build.0 = Release|Any CPU
	EndGlobalSection
	GlobalSection(SolutionProperties) = preSolution
		HideSolutionNode = FALSE
	EndGlobalSection
	GlobalSection(ExtensibilityGlobals) = postSolution
		SolutionGuid = {D6EC6AFD-28E7-407B-89FD-464E3B1C8F8B}
	EndGlobalSection
EndGlobal
