
Microsoft Visual Studio Solution File, Format Version 12.00
# Visual Studio 15
VisualStudioVersion = 15.0.28307.421
MinimumVisualStudioVersion = 10.0.40219.1
Project("{FAE04EC0-301F-11D3-BF4B-00C04F79EFBC}") = "EventsAndDelegates", "EventsAndDelegates\EventsAndDelegates.csproj", "{8CFD701B-2B17-4B78-A616-BA885D8C5B73}"
EndProject
Global
	GlobalSection(SolutionConfigurationPlatforms) = preSolution
		Debug|Any CPU = Debug|Any CPU
		Release|Any CPU = Release|Any CPU
	EndGlobalSection
	GlobalSection(ProjectConfigurationPlatforms) = postSolution
		{8CFD701B-2B17-4B78-A616-BA885D8C5B73}.Debug|Any CPU.ActiveCfg = Debug|Any CPU
		{8CFD701B-2B17-4B78-A616-BA885D8C5B73}.Debug|Any CPU.Build.0 = Debug|Any CPU
		{8CFD701B-2B17-4B78-A616-BA885D8C5B73}.Release|Any CPU.ActiveCfg = Release|Any CPU
		{8CFD701B-2B17-4B78-A616-BA885D8C5B73}.Release|Any CPU.Build.0 = Release|Any CPU
	EndGlobalSection
	GlobalSection(SolutionProperties) = preSolution
		HideSolutionNode = FALSE
	EndGlobalSection
	GlobalSection(ExtensibilityGlobals) = postSolution
		SolutionGuid = {DB01C7EA-3BD3-479C-9D3F-D5D5C81AB39D}
	EndGlobalSection
EndGlobal
