
Microsoft Visual Studio Solution File, Format Version 12.00
# Visual Studio 15
VisualStudioVersion = 15.0.28307.421
MinimumVisualStudioVersion = 10.0.40219.1
Project("{9A19103F-16F7-4668-BE54-9A1E7A4F7556}") = "Reflection", "Reflection\Reflection.csproj", "{366A0EB8-2707-4BA9-A531-2F4A932A5818}"
EndProject
Project("{FAE04EC0-301F-11D3-BF4B-00C04F79EFBC}") = "WebApplication1", "WebApplication1\WebApplication1.csproj", "{3391390D-7DB2-4102-BC77-98E3FD364399}"
EndProject
Project("{E53339B2-1760-4266-BCC7-CA923CBCF16C}") = "docker-compose", "docker-compose.dcproj", "{98C5CFB8-A2BA-441B-BF0E-260737FC15BA}"
EndProject
Global
	GlobalSection(SolutionConfigurationPlatforms) = preSolution
		Debug|Any CPU = Debug|Any CPU
		Release|Any CPU = Release|Any CPU
	EndGlobalSection
	GlobalSection(ProjectConfigurationPlatforms) = postSolution
		{366A0EB8-2707-4BA9-A531-2F4A932A5818}.Debug|Any CPU.ActiveCfg = Debug|Any CPU
		{366A0EB8-2707-4BA9-A531-2F4A932A5818}.Debug|Any CPU.Build.0 = Debug|Any CPU
		{366A0EB8-2707-4BA9-A531-2F4A932A5818}.Release|Any CPU.ActiveCfg = Release|Any CPU
		{366A0EB8-2707-4BA9-A531-2F4A932A5818}.Release|Any CPU.Build.0 = Release|Any CPU
		{3391390D-7DB2-4102-BC77-98E3FD364399}.Debug|Any CPU.ActiveCfg = Debug|Any CPU
		{3391390D-7DB2-4102-BC77-98E3FD364399}.Debug|Any CPU.Build.0 = Debug|Any CPU
		{3391390D-7DB2-4102-BC77-98E3FD364399}.Release|Any CPU.ActiveCfg = Release|Any CPU
		{3391390D-7DB2-4102-BC77-98E3FD364399}.Release|Any CPU.Build.0 = Release|Any CPU
		{98C5CFB8-A2BA-441B-BF0E-260737FC15BA}.Debug|Any CPU.ActiveCfg = Debug|Any CPU
		{98C5CFB8-A2BA-441B-BF0E-260737FC15BA}.Debug|Any CPU.Build.0 = Debug|Any CPU
		{98C5CFB8-A2BA-441B-BF0E-260737FC15BA}.Release|Any CPU.ActiveCfg = Release|Any CPU
		{98C5CFB8-A2BA-441B-BF0E-260737FC15BA}.Release|Any CPU.Build.0 = Release|Any CPU
	EndGlobalSection
	GlobalSection(SolutionProperties) = preSolution
		HideSolutionNode = FALSE
	EndGlobalSection
	GlobalSection(ExtensibilityGlobals) = postSolution
		SolutionGuid = {E9B26564-F24C-4AB1-BFEC-E69F8A9FA546}
	EndGlobalSection
EndGlobal
